
Microsoft Visual Studio Solution File, Format Version 12.00
# Visual Studio Version 16
VisualStudioVersion = 16.0.32106.194
MinimumVisualStudioVersion = 10.0.40219.1
Project("{FAE04EC0-301F-11D3-BF4B-00C04F79EFBC}") = "FloristWebsite", "FloristWebsite.csproj", "{369DBBFA-A9C5-46B2-B262-672ED3B1AB7C}"
EndProject
Global
	GlobalSection(SolutionConfigurationPlatforms) = preSolution
		Debug|Any CPU = Debug|Any CPU
		Release|Any CPU = Release|Any CPU
	EndGlobalSection
	GlobalSection(ProjectConfigurationPlatforms) = postSolution
		{369DBBFA-A9C5-46B2-B262-672ED3B1AB7C}.Debug|Any CPU.ActiveCfg = Debug|Any CPU
		{369DBBFA-A9C5-46B2-B262-672ED3B1AB7C}.Debug|Any CPU.Build.0 = Debug|Any CPU
		{369DBBFA-A9C5-46B2-B262-672ED3B1AB7C}.Release|Any CPU.ActiveCfg = Release|Any CPU
		{369DBBFA-A9C5-46B2-B262-672ED3B1AB7C}.Release|Any CPU.Build.0 = Release|Any CPU
	EndGlobalSection
	GlobalSection(SolutionProperties) = preSolution
		HideSolutionNode = FALSE
	EndGlobalSection
	GlobalSection(ExtensibilityGlobals) = postSolution
		SolutionGuid = {55732896-6DC7-44E6-BBA1-E3BC239C141B}
	EndGlobalSection
EndGlobal
